PODS:
  - SceneBuilder (1.0.0)

DEPENDENCIES:
  - SceneBuilder (= 1.0.0)

SPEC REPOS:
  https://github.com/jrBordet/RxFramework.podspec.git:
    - SceneBuilder

SPEC CHECKSUMS:
  SceneBuilder: e8beec60660be16524eb651df022f310e7a200aa

PODFILE CHECKSUM: 8378e3f882b3c09edc54913a1542943150e83f43

COCOAPODS: 1.9.1
